
Microsoft Visual Studio Solution File, Format Version 12.00
# Visual Studio Version 17
VisualStudioVersion = 17.14.36121.58 d17.14
MinimumVisualStudioVersion = 10.0.40219.1
Project("{FAE04EC0-301F-11D3-BF4B-00C04F79EFBC}") = "VehicleManagementSystem", "VehicleManagementSystem.csproj", "{C957761F-2C8A-4E57-8B68-A1DFF888FFF7}"
EndProject
Global
	GlobalSection(SolutionConfigurationPlatforms) = preSolution
		Debug|Any CPU = Debug|Any CPU
		Release|Any CPU = Release|Any CPU
	EndGlobalSection
	GlobalSection(ProjectConfigurationPlatforms) = postSolution
		{C957761F-2C8A-4E57-8B68-A1DFF888FFF7}.Debug|Any CPU.ActiveCfg = Debug|Any CPU
		{C957761F-2C8A-4E57-8B68-A1DFF888FFF7}.Debug|Any CPU.Build.0 = Debug|Any CPU
		{C957761F-2C8A-4E57-8B68-A1DFF888FFF7}.Release|Any CPU.ActiveCfg = Release|Any CPU
		{C957761F-2C8A-4E57-8B68-A1DFF888FFF7}.Release|Any CPU.Build.0 = Release|Any CPU
	EndGlobalSection
	GlobalSection(SolutionProperties) = preSolution
		HideSolutionNode = FALSE
	EndGlobalSection
	GlobalSection(ExtensibilityGlobals) = postSolution
		SolutionGuid = {74AAF46C-166A-4DBB-BC69-6014268D836B}
	EndGlobalSection
EndGlobal
