
Microsoft Visual Studio Solution File, Format Version 12.00
# Visual Studio Version 17
VisualStudioVersion = 17.14.37111.16 d17.14
MinimumVisualStudioVersion = 10.0.40219.1
Project("{FAE04EC0-301F-11D3-BF4B-00C04F79EFBC}") = "DivisorAssignment", "DivisorAssignment\DivisorAssignment.csproj", "{8420E36C-67F8-45D6-916A-B03E1D172BB5}"
EndProject
Global
	GlobalSection(SolutionConfigurationPlatforms) = preSolution
		Debug|Any CPU = Debug|Any CPU
		Release|Any CPU = Release|Any CPU
	EndGlobalSection
	GlobalSection(ProjectConfigurationPlatforms) = postSolution
		{8420E36C-67F8-45D6-916A-B03E1D172BB5}.Debug|Any CPU.ActiveCfg = Debug|Any CPU
		{8420E36C-67F8-45D6-916A-B03E1D172BB5}.Debug|Any CPU.Build.0 = Debug|Any CPU
		{8420E36C-67F8-45D6-916A-B03E1D172BB5}.Release|Any CPU.ActiveCfg = Release|Any CPU
		{8420E36C-67F8-45D6-916A-B03E1D172BB5}.Release|Any CPU.Build.0 = Release|Any CPU
	EndGlobalSection
	GlobalSection(SolutionProperties) = preSolution
		HideSolutionNode = FALSE
	EndGlobalSection
	GlobalSection(ExtensibilityGlobals) = postSolution
		SolutionGuid = {32BC3677-4A9C-4E91-9676-A1E07E1A1F76}
	EndGlobalSection
EndGlobal
