
Microsoft Visual Studio Solution File, Format Version 12.00
# Visual Studio Version 17
VisualStudioVersion = 17.14.36121.58 d17.14
MinimumVisualStudioVersion = 10.0.40219.1
Project("{FAE04EC0-301F-11D3-BF4B-00C04F79EFBC}") = "SubArrayMeanCalculator", "SubArrayMeanCalculator.csproj", "{2DB09AA2-555D-497A-8296-D99B867E1D9D}"
EndProject
Global
	GlobalSection(SolutionConfigurationPlatforms) = preSolution
		Debug|Any CPU = Debug|Any CPU
		Release|Any CPU = Release|Any CPU
	EndGlobalSection
	GlobalSection(ProjectConfigurationPlatforms) = postSolution
		{2DB09AA2-555D-497A-8296-D99B867E1D9D}.Debug|Any CPU.ActiveCfg = Debug|Any CPU
		{2DB09AA2-555D-497A-8296-D99B867E1D9D}.Debug|Any CPU.Build.0 = Debug|Any CPU
		{2DB09AA2-555D-497A-8296-D99B867E1D9D}.Release|Any CPU.ActiveCfg = Release|Any CPU
		{2DB09AA2-555D-497A-8296-D99B867E1D9D}.Release|Any CPU.Build.0 = Release|Any CPU
	EndGlobalSection
	GlobalSection(SolutionProperties) = preSolution
		HideSolutionNode = FALSE
	EndGlobalSection
	GlobalSection(ExtensibilityGlobals) = postSolution
		SolutionGuid = {F6B62CF6-6F65-448B-97E7-65885FD31F07}
	EndGlobalSection
EndGlobal
