
Microsoft Visual Studio Solution File, Format Version 12.00
# Visual Studio Version 17
VisualStudioVersion = 17.14.36121.58 d17.14
MinimumVisualStudioVersion = 10.0.40219.1
Project("{FAE04EC0-301F-11D3-BF4B-00C04F79EFBC}") = "AIPromptOrchestrationEngine", "AIPromptOrchestrationEngine.csproj", "{EC0118B7-C28E-4DE6-90E4-8ADD16092AA7}"
EndProject
Global
	GlobalSection(SolutionConfigurationPlatforms) = preSolution
		Debug|Any CPU = Debug|Any CPU
		Release|Any CPU = Release|Any CPU
	EndGlobalSection
	GlobalSection(ProjectConfigurationPlatforms) = postSolution
		{EC0118B7-C28E-4DE6-90E4-8ADD16092AA7}.Debug|Any CPU.ActiveCfg = Debug|Any CPU
		{EC0118B7-C28E-4DE6-90E4-8ADD16092AA7}.Debug|Any CPU.Build.0 = Debug|Any CPU
		{EC0118B7-C28E-4DE6-90E4-8ADD16092AA7}.Release|Any CPU.ActiveCfg = Release|Any CPU
		{EC0118B7-C28E-4DE6-90E4-8ADD16092AA7}.Release|Any CPU.Build.0 = Release|Any CPU
	EndGlobalSection
	GlobalSection(SolutionProperties) = preSolution
		HideSolutionNode = FALSE
	EndGlobalSection
	GlobalSection(ExtensibilityGlobals) = postSolution
		SolutionGuid = {DE27DA8B-0C8A-4D9F-9C5A-1EDBB34BE239}
	EndGlobalSection
EndGlobal
